// !$*UTF8*$!
{
	archiveVersion = 1;
	classes = {
	};
	objectVersion = 46;
	objects = {

/* Begin PBXBuildFile section */
		D400F8441BB606D600E89D94 /* AppDelegate.swift in Sources */ = {isa = PBXBuildFile; fileRef = D400F8431BB606D600E89D94 /* AppDelegate.swift */; };
		D400F8461BB606D600E89D94 /* ViewController.swift in Sources */ = {isa = PBXBuildFile; fileRef = D400F8451BB606D600E89D94 /* ViewController.swift */; };
		D400F8491BB606D600E89D94 /* Main.storyboard in Resources */ = {isa = PBXBuildFile; fileRef = D400F8471BB606D600E89D94 /* Main.storyboard */; };
		D400F84B1BB606D600E89D94 /* Assets.xcassets in Resources */ = {isa = PBXBuildFile; fileRef = D400F84A1BB606D600E89D94 /* Assets.xcassets */; };
		D400F84E1BB606D600E89D94 /* LaunchScreen.storyboard in Resources */ = {isa = PBXBuildFile; fileRef = D400F84C1BB606D600E89D94 /* LaunchScreen.storyboard */; };
		D400F8571BB6612F00E89D94 /* level1.txt in Resources */ = {isa = PBXBuildFile; fileRef = D400F8551BB6612F00E89D94 /* level1.txt */; settings = {ASSET_TAGS = (); }; };
		D400F8581BB6612F00E89D94 /* level2.txt in Resources */ = {isa = PBXBuildFile; fileRef = D400F8561BB6612F00E89D94 /* level2.txt */; settings = {ASSET_TAGS = (); }; };
/* End PBXBuildFile section */

/* Begin PBXFileReference section */
		D400F8401BB606D600E89D94 /* Project8.app */ = {isa = PBXFileReference; explicitFileType = wrapper.application; includeInIndex = 0; path = Project8.app; sourceTree = BUILT_PRODUCTS_DIR; };
		D400F8431BB606D600E89D94 /* AppDelegate.swift */ = {isa = PBXFileReference; lastKnownFileType = sourcecode.swift; path = AppDelegate.swift; sourceTree = "<group>"; };
		D400F8451BB606D600E89D94 /* ViewController.swift */ = {isa = PBXFileReference; lastKnownFileType = sourcecode.swift; path = ViewController.swift; sourceTree = "<group>"; };
		D400F8481BB606D600E89D94 /* Base */ = {isa = PBXFileReference; lastKnownFileType = file.storyboard; name = Base; path = Base.lproj/Main.storyboard; sourceTree = "<group>"; };
		D400F84A1BB606D600E89D94 /* Assets.xcassets */ = {isa = PBXFileReference; lastKnownFileType = folder.assetcatalog; path = Assets.xcassets; sourceTree = "<group>"; };
		D400F84D1BB606D600E89D94 /* Base */ = {isa = PBXFileReference; lastKnownFileType = file.storyboard; name = Base; path = Base.lproj/LaunchScreen.storyboard; sourceTree = "<group>"; };
		D400F84F1BB606D600E89D94 /* Info.plist */ = {isa = PBXFileReference; lastKnownFileType = text.plist.xml; path = Info.plist; sourceTree = "<group>"; };
		D400F8551BB6612F00E89D94 /* level1.txt */ = {isa = PBXFileReference; fileEncoding = 4; lastKnownFileType = text; path = level1.txt; sourceTree = "<group>"; };
		D400F8561BB6612F00E89D94 /* level2.txt */ = {isa = PBXFileReference; fileEncoding = 4; lastKnownFileType = text; path = level2.txt; sourceTree = "<group>"; };
/* End PBXFileReference section */

/* Begin PBXFrameworksBuildPhase section */
		D400F83D1BB606D600E89D94 /* Frameworks */ = {
			isa = PBXFrameworksBuildPhase;
			buildActionMask = 2147483647;
			files = (
			);
			runOnlyForDeploymentPostprocessing = 0;
		};
/* End PBXFrameworksBuildPhase section */

/* Begin PBXGroup section */
		D400F8371BB606D600E89D94 = {
			isa = PBXGroup;
			children = (
				D400F8421BB606D600E89D94 /* Project8 */,
				D400F8411BB606D600E89D94 /* Products */,
			);
			sourceTree = "<group>";
		};
		D400F8411BB606D600E89D94 /* Products */ = {
			isa = PBXGroup;
			children = (
				D400F8401BB606D600E89D94 /* Project8.app */,
			);
			name = Products;
			sourceTree = "<group>";
		};
		D400F8421BB606D600E89D94 /* Project8 */ = {
			isa = PBXGroup;
			children = (
				D400F8431BB606D600E89D94 /* AppDelegate.swift */,
				D400F8451BB606D600E89D94 /* ViewController.swift */,
				D400F8471BB606D600E89D94 /* Main.storyboard */,
				D400F84A1BB606D600E89D94 /* Assets.xcassets */,
				D400F8551BB6612F00E89D94 /* level1.txt */,
				D400F8561BB6612F00E89D94 /* level2.txt */,
				D400F84C1BB606D600E89D94 /* LaunchScreen.storyboard */,
				D400F84F1BB606D600E89D94 /* Info.plist */,
			);
			path = Project8;
			sourceTree = "<group>";
		};
/* End PBXGroup section */

/* Begin PBXNativeTarget section */
		D400F83F1BB606D600E89D94 /* Project8 */ = {
			isa = PBXNativeTarget;
			buildConfigurationList = D400F8521BB606D600E89D94 /* Build configuration list for PBXNativeTarget "Project8" */;
			buildPhases = (
				D400F83C1BB606D600E89D94 /* Sources */,
				D400F83D1BB606D600E89D94 /* Frameworks */,
				D400F83E1BB606D600E89D94 /* Resources */,
			);
			buildRules = (
			);
			dependencies = (
			);
			name = Project8;
			productName = Project8;
			productReference = D400F8401BB606D600E89D94 /* Project8.app */;
			productType = "com.apple.product-type.application";
		};
/* End PBXNativeTarget section */

/* Begin PBXProject section */
		D400F8381BB606D600E89D94 /* Project object */ = {
			isa = PBXProject;
			attributes = {
				LastUpgradeCheck = 0700;
				ORGANIZATIONNAME = "Charley Jones";
				TargetAttributes = {
					D400F83F1BB606D600E89D94 = {
						CreatedOnToolsVersion = 7.0;
					};
				};
			};
			buildConfigurationList = D400F83B1BB606D600E89D94 /* Build configuration list for PBXProject "Project8" */;
			compatibilityVersion = "Xcode 3.2";
			developmentRegion = English;
			hasScannedForEncodings = 0;
			knownRegions = (
				en,
				Base,
			);
			mainGroup = D400F8371BB606D600E89D94;
			productRefGroup = D400F8411BB606D600E89D94 /* Products */;
			projectDirPath = "";
			projectRoot = "";
			targets = (
				D400F83F1BB606D600E89D94 /* Project8 */,
			);
		};
/* End PBXProject section */

/* Begin PBXResourcesBuildPhase section */
		D400F83E1BB606D600E89D94 /* Resources */ = {
			isa = PBXResourcesBuildPhase;
			buildActionMask = 2147483647;
			files = (
				D400F8581BB6612F00E89D94 /* level2.txt in Resources */,
				D400F84E1BB606D600E89D94 /* LaunchScreen.storyboard in Resources */,
				D400F8571BB6612F00E89D94 /* level1.txt in Resources */,
				D400F84B1BB606D600E89D94 /* Assets.xcassets in Resources */,
				D400F8491BB606D600E89D94 /* Main.storyboard in Resources */,
			);
			runOnlyForDeploymentPostprocessing = 0;
		};
/* End PBXResourcesBuildPhase section */

/* Begin PBXSourcesBuildPhase section */
		D400F83C1BB606D600E89D94 /* Sources */ = {
			isa = PBXSourcesBuildPhase;
			buildActionMask = 2147483647;
			files = (
				D400F8461BB606D600E89D94 /* ViewController.swift in Sources */,
				D400F8441BB606D600E89D94 /* AppDelegate.swift in Sources */,
			);
			runOnlyForDeploymentPostprocessing = 0;
		};
/* End PBXSourcesBuildPhase section */

/* Begin PBXVariantGroup section */
		D400F8471BB606D600E89D94 /* Main.storyboard */ = {
			isa = PBXVariantGroup;
			children = (
				D400F8481BB606D600E89D94 /* Base */,
			);
			name = Main.storyboard;
			sourceTree = "<group>";
		};
		D400F84C1BB606D600E89D94 /* LaunchScreen.storyboard */ = {
			isa = PBXVariantGroup;
			children = (
				D400F84D1BB606D600E89D94 /* Base */,
			);
			name = LaunchScreen.storyboard;
			sourceTree = "<group>";
		};
/* End PBXVariantGroup section */

/* Begin XCBuildConfiguration section */
		D400F8501BB606D600E89D94 /* Debug */ = {
			isa = XCBuildConfiguration;
			buildSettings = {
				ALWAYS_SEARCH_USER_PATHS = NO;
				CLANG_CXX_LANGUAGE_STANDARD = "gnu++0x";
				CLANG_CXX_LIBRARY = "libc++";
				CLANG_ENABLE_MODULES = YES;
				CLANG_ENABLE_OBJC_ARC = YES;
				CLANG_WARN_BOOL_CONVERSION = YES;
				CLANG_WARN_CONSTANT_CONVERSION = YES;
				CLANG_WARN_DIRECT_OBJC_ISA_USAGE = YES_ERROR;
				CLANG_WARN_EMPTY_BODY = YES;
				CLANG_WARN_ENUM_CONVERSION = YES;
				CLANG_WARN_INT_CONVERSION = YES;
				CLANG_WARN_OBJC_ROOT_CLASS = YES_ERROR;
				CLANG_WARN_UNREACHABLE_CODE = YES;
				CLANG_WARN__DUPLICATE_METHOD_MATCH = YES;
				"CODE_SIGN_IDENTITY[sdk=iphoneos*]" = "iPhone Developer";
				COPY_PHASE_STRIP = NO;
				DEBUG_INFORMATION_FORMAT = dwarf;
				ENABLE_STRICT_OBJC_MSGSEND = YES;
				ENABLE_TESTABILITY = YES;
				GCC_C_LANGUAGE_STANDARD = gnu99;
				GCC_DYNAMIC_NO_PIC = NO;
				GCC_NO_COMMON_BLOCKS = YES;
				GCC_OPTIMIZATION_LEVEL = 0;
				GCC_PREPROCESSOR_DEFINITIONS = (
					"DEBUG=1",
					"$(inherited)",
				);
				GCC_WARN_64_TO_32_BIT_CONVERSION = YES;
				GCC_WARN_ABOUT_RETURN_TYPE = YES_ERROR;
				GCC_WARN_UNDECLARED_SELECTOR = YES;
				GCC_WARN_UNINITIALIZED_AUTOS = YES_AGGRESSIVE;
				GCC_WARN_UNUSED_FUNCTION = YES;
				GCC_WARN_UNUSED_VARIABLE = YES;
				IPHONEOS_DEPLOYMENT_TARGET = 9.0;
				MTL_ENABLE_DEBUG_INFO = YES;
				ONLY_ACTIVE_ARCH = YES;
				SDKROOT = iphoneos;
				SWIFT_OPTIMIZATION_LEVEL = "-Onone";
				TARGETED_DEVICE_FAMILY = 2;
			};
			name = Debug;
		};
		D400F8511BB606D600E89D94 /* Release */ = {
			isa = XCBuildConfiguration;
			buildSettings = {
				ALWAYS_SEARCH_USER_PATHS = NO;
				CLANG_CXX_LANGUAGE_STANDARD = "gnu++0x";
				CLANG_CXX_LIBRARY = "libc++";
				CLANG_ENABLE_MODULES = YES;
				CLANG_ENABLE_OBJC_ARC = YES;
				CLANG_WARN_BOOL_CONVERSION = YES;
				CLANG_WARN_CONSTANT_CONVERSION = YES;
				CLANG_WARN_DIRECT_OBJC_ISA_USAGE = YES_ERROR;
				CLANG_WARN_EMPTY_BODY = YES;
				CLANG_WARN_ENUM_CONVERSION = YES;
				CLANG_WARN_INT_CONVERSION = YES;
				CLANG_WARN_OBJC_ROOT_CLASS = YES_ERROR;
				CLANG_WARN_UNREACHABLE_CODE = YES;
				CLANG_WARN__DUPLICATE_METHOD_MATCH = YES;
				"CODE_SIGN_IDENTITY[sdk=iphoneos*]" = "iPhone Developer";
				COPY_PHASE_STRIP = NO;
				DEBUG_INFORMATION_FORMAT = "dwarf-with-dsym";
				ENABLE_NS_ASSERTIONS = NO;
				ENABLE_STRICT_OBJC_MSGSEND = YES;
				GCC_C_LANGUAGE_STANDARD = gnu99;
				GCC_NO_COMMON_BLOCKS = YES;
				GCC_WARN_64_TO_32_BIT_CONVERSION = YES;
				GCC_WARN_ABOUT_RETURN_TYPE = YES_ERROR;
				GCC_WARN_UNDECLARED_SELECTOR = YES;
				GCC_WARN_UNINITIALIZED_AUTOS = YES_AGGRESSIVE;
				GCC_WARN_UNUSED_FUNCTION = YES;
				GCC_WARN_UNUSED_VARIABLE = YES;
				IPHONEOS_DEPLOYMENT_TARGET = 9.0;
				MTL_ENABLE_DEBUG_INFO = NO;
				SDKROOT = iphoneos;
				TARGETED_DEVICE_FAMILY = 2;
				VALIDATE_PRODUCT = YES;
			};
			name = Release;
		};
		D400F8531BB606D600E89D94 /* Debug */ = {
			isa = XCBuildConfiguration;
			buildSettings = {
				ASSETCATALOG_COMPILER_APPICON_NAME = AppIcon;
				INFOPLIST_FILE = Project8/Info.plist;
				LD_RUNPATH_SEARCH_PATHS = "$(inherited) @executable_path/Frameworks";
				PRODUCT_BUNDLE_IDENTIFIER = com.crjones.Project8;
				PRODUCT_NAME = "$(TARGET_NAME)";
			};
			name = Debug;
		};
		D400F8541BB606D600E89D94 /* Release */ = {
			isa = XCBuildConfiguration;
			buildSettings = {
				ASSETCATALOG_COMPILER_APPICON_NAME = AppIcon;
				INFOPLIST_FILE = Project8/Info.plist;
				LD_RUNPATH_SEARCH_PATHS = "$(inherited) @executable_path/Frameworks";
				PRODUCT_BUNDLE_IDENTIFIER = com.crjones.Project8;
				PRODUCT_NAME = "$(TARGET_NAME)";
			};
			name = Release;
		};
/* End XCBuildConfiguration section */

/* Begin XCConfigurationList section */
		D400F83B1BB606D600E89D94 /* Build configuration list for PBXProject "Project8" */ = {
			isa = XCConfigurationList;
			buildConfigurations = (
				D400F8501BB606D600E89D94 /* Debug */,
				D400F8511BB606D600E89D94 /* Release */,
			);
			defaultConfigurationIsVisible = 0;
			defaultConfigurationName = Release;
		};
		D400F8521BB606D600E89D94 /* Build configuration list for PBXNativeTarget "Project8" */ = {
			isa = XCConfigurationList;
			buildConfigurations = (
				D400F8531BB606D600E89D94 /* Debug */,
				D400F8541BB606D600E89D94 /* Release */,
			);
			defaultConfigurationIsVisible = 0;
		};
/* End XCConfigurationList section */
	};
	rootObject = D400F8381BB606D600E89D94 /* Project object */;
}
