// !$*UTF8*$!
{
	archiveVersion = 1;
	classes = {
	};
	objectVersion = 46;
	objects = {

/* Begin PBXBuildFile section */
		D45030C71BC59EDF000164A6 /* AppDelegate.swift in Sources */ = {isa = PBXBuildFile; fileRef = D45030C61BC59EDF000164A6 /* AppDelegate.swift */; };
		D45030C91BC59EDF000164A6 /* ViewController.swift in Sources */ = {isa = PBXBuildFile; fileRef = D45030C81BC59EDF000164A6 /* ViewController.swift */; };
		D45030CC1BC59EDF000164A6 /* Main.storyboard in Resources */ = {isa = PBXBuildFile; fileRef = D45030CA1BC59EDF000164A6 /* Main.storyboard */; };
		D45030CE1BC59EDF000164A6 /* Assets.xcassets in Resources */ = {isa = PBXBuildFile; fileRef = D45030CD1BC59EDF000164A6 /* Assets.xcassets */; };
		D45030D11BC59EDF000164A6 /* LaunchScreen.storyboard in Resources */ = {isa = PBXBuildFile; fileRef = D45030CF1BC59EDF000164A6 /* LaunchScreen.storyboard */; };
/* End PBXBuildFile section */

/* Begin PBXFileReference section */
		D45030C31BC59EDF000164A6 /* Project22.app */ = {isa = PBXFileReference; explicitFileType = wrapper.application; includeInIndex = 0; path = Project22.app; sourceTree = BUILT_PRODUCTS_DIR; };
		D45030C61BC59EDF000164A6 /* AppDelegate.swift */ = {isa = PBXFileReference; lastKnownFileType = sourcecode.swift; path = AppDelegate.swift; sourceTree = "<group>"; };
		D45030C81BC59EDF000164A6 /* ViewController.swift */ = {isa = PBXFileReference; lastKnownFileType = sourcecode.swift; path = ViewController.swift; sourceTree = "<group>"; };
		D45030CB1BC59EDF000164A6 /* Base */ = {isa = PBXFileReference; lastKnownFileType = file.storyboard; name = Base; path = Base.lproj/Main.storyboard; sourceTree = "<group>"; };
		D45030CD1BC59EDF000164A6 /* Assets.xcassets */ = {isa = PBXFileReference; lastKnownFileType = folder.assetcatalog; path = Assets.xcassets; sourceTree = "<group>"; };
		D45030D01BC59EDF000164A6 /* Base */ = {isa = PBXFileReference; lastKnownFileType = file.storyboard; name = Base; path = Base.lproj/LaunchScreen.storyboard; sourceTree = "<group>"; };
		D45030D21BC59EDF000164A6 /* Info.plist */ = {isa = PBXFileReference; lastKnownFileType = text.plist.xml; path = Info.plist; sourceTree = "<group>"; };
/* End PBXFileReference section */

/* Begin PBXFrameworksBuildPhase section */
		D45030C01BC59EDF000164A6 /* Frameworks */ = {
			isa = PBXFrameworksBuildPhase;
			buildActionMask = 2147483647;
			files = (
			);
			runOnlyForDeploymentPostprocessing = 0;
		};
/* End PBXFrameworksBuildPhase section */

/* Begin PBXGroup section */
		D45030BA1BC59EDF000164A6 = {
			isa = PBXGroup;
			children = (
				D45030C51BC59EDF000164A6 /* Project22 */,
				D45030C41BC59EDF000164A6 /* Products */,
			);
			sourceTree = "<group>";
		};
		D45030C41BC59EDF000164A6 /* Products */ = {
			isa = PBXGroup;
			children = (
				D45030C31BC59EDF000164A6 /* Project22.app */,
			);
			name = Products;
			sourceTree = "<group>";
		};
		D45030C51BC59EDF000164A6 /* Project22 */ = {
			isa = PBXGroup;
			children = (
				D45030C61BC59EDF000164A6 /* AppDelegate.swift */,
				D45030C81BC59EDF000164A6 /* ViewController.swift */,
				D45030CA1BC59EDF000164A6 /* Main.storyboard */,
				D45030CD1BC59EDF000164A6 /* Assets.xcassets */,
				D45030CF1BC59EDF000164A6 /* LaunchScreen.storyboard */,
				D45030D21BC59EDF000164A6 /* Info.plist */,
			);
			path = Project22;
			sourceTree = "<group>";
		};
/* End PBXGroup section */

/* Begin PBXNativeTarget section */
		D45030C21BC59EDF000164A6 /* Project22 */ = {
			isa = PBXNativeTarget;
			buildConfigurationList = D45030D51BC59EDF000164A6 /* Build configuration list for PBXNativeTarget "Project22" */;
			buildPhases = (
				D45030BF1BC59EDF000164A6 /* Sources */,
				D45030C01BC59EDF000164A6 /* Frameworks */,
				D45030C11BC59EDF000164A6 /* Resources */,
			);
			buildRules = (
			);
			dependencies = (
			);
			name = Project22;
			productName = Project22;
			productReference = D45030C31BC59EDF000164A6 /* Project22.app */;
			productType = "com.apple.product-type.application";
		};
/* End PBXNativeTarget section */

/* Begin PBXProject section */
		D45030BB1BC59EDF000164A6 /* Project object */ = {
			isa = PBXProject;
			attributes = {
				LastUpgradeCheck = 0700;
				ORGANIZATIONNAME = "Charley Jones";
				TargetAttributes = {
					D45030C21BC59EDF000164A6 = {
						CreatedOnToolsVersion = 7.0;
					};
				};
			};
			buildConfigurationList = D45030BE1BC59EDF000164A6 /* Build configuration list for PBXProject "Project22" */;
			compatibilityVersion = "Xcode 3.2";
			developmentRegion = English;
			hasScannedForEncodings = 0;
			knownRegions = (
				en,
				Base,
			);
			mainGroup = D45030BA1BC59EDF000164A6;
			productRefGroup = D45030C41BC59EDF000164A6 /* Products */;
			projectDirPath = "";
			projectRoot = "";
			targets = (
				D45030C21BC59EDF000164A6 /* Project22 */,
			);
		};
/* End PBXProject section */

/* Begin PBXResourcesBuildPhase section */
		D45030C11BC59EDF000164A6 /* Resources */ = {
			isa = PBXResourcesBuildPhase;
			buildActionMask = 2147483647;
			files = (
				D45030D11BC59EDF000164A6 /* LaunchScreen.storyboard in Resources */,
				D45030CE1BC59EDF000164A6 /* Assets.xcassets in Resources */,
				D45030CC1BC59EDF000164A6 /* Main.storyboard in Resources */,
			);
			runOnlyForDeploymentPostprocessing = 0;
		};
/* End PBXResourcesBuildPhase section */

/* Begin PBXSourcesBuildPhase section */
		D45030BF1BC59EDF000164A6 /* Sources */ = {
			isa = PBXSourcesBuildPhase;
			buildActionMask = 2147483647;
			files = (
				D45030C91BC59EDF000164A6 /* ViewController.swift in Sources */,
				D45030C71BC59EDF000164A6 /* AppDelegate.swift in Sources */,
			);
			runOnlyForDeploymentPostprocessing = 0;
		};
/* End PBXSourcesBuildPhase section */

/* Begin PBXVariantGroup section */
		D45030CA1BC59EDF000164A6 /* Main.storyboard */ = {
			isa = PBXVariantGroup;
			children = (
				D45030CB1BC59EDF000164A6 /* Base */,
			);
			name = Main.storyboard;
			sourceTree = "<group>";
		};
		D45030CF1BC59EDF000164A6 /* LaunchScreen.storyboard */ = {
			isa = PBXVariantGroup;
			children = (
				D45030D01BC59EDF000164A6 /* Base */,
			);
			name = LaunchScreen.storyboard;
			sourceTree = "<group>";
		};
/* End PBXVariantGroup section */

/* Begin XCBuildConfiguration section */
		D45030D31BC59EDF000164A6 /* Debug */ = {
			isa = XCBuildConfiguration;
			buildSettings = {
				ALWAYS_SEARCH_USER_PATHS = NO;
				CLANG_CXX_LANGUAGE_STANDARD = "gnu++0x";
				CLANG_CXX_LIBRARY = "libc++";
				CLANG_ENABLE_MODULES = YES;
				CLANG_ENABLE_OBJC_ARC = YES;
				CLANG_WARN_BOOL_CONVERSION = YES;
				CLANG_WARN_CONSTANT_CONVERSION = YES;
				CLANG_WARN_DIRECT_OBJC_ISA_USAGE = YES_ERROR;
				CLANG_WARN_EMPTY_BODY = YES;
				CLANG_WARN_ENUM_CONVERSION = YES;
				CLANG_WARN_INT_CONVERSION = YES;
				CLANG_WARN_OBJC_ROOT_CLASS = YES_ERROR;
				CLANG_WARN_UNREACHABLE_CODE = YES;
				CLANG_WARN__DUPLICATE_METHOD_MATCH = YES;
				"CODE_SIGN_IDENTITY[sdk=iphoneos*]" = "iPhone Developer";
				COPY_PHASE_STRIP = NO;
				DEBUG_INFORMATION_FORMAT = dwarf;
				ENABLE_STRICT_OBJC_MSGSEND = YES;
				ENABLE_TESTABILITY = YES;
				GCC_C_LANGUAGE_STANDARD = gnu99;
				GCC_DYNAMIC_NO_PIC = NO;
				GCC_NO_COMMON_BLOCKS = YES;
				GCC_OPTIMIZATION_LEVEL = 0;
				GCC_PREPROCESSOR_DEFINITIONS = (
					"DEBUG=1",
					"$(inherited)",
				);
				GCC_WARN_64_TO_32_BIT_CONVERSION = YES;
				GCC_WARN_ABOUT_RETURN_TYPE = YES_ERROR;
				GCC_WARN_UNDECLARED_SELECTOR = YES;
				GCC_WARN_UNINITIALIZED_AUTOS = YES_AGGRESSIVE;
				GCC_WARN_UNUSED_FUNCTION = YES;
				GCC_WARN_UNUSED_VARIABLE = YES;
				IPHONEOS_DEPLOYMENT_TARGET = 9.0;
				MTL_ENABLE_DEBUG_INFO = YES;
				ONLY_ACTIVE_ARCH = YES;
				SDKROOT = iphoneos;
				SWIFT_OPTIMIZATION_LEVEL = "-Onone";
			};
			name = Debug;
		};
		D45030D41BC59EDF000164A6 /* Release */ = {
			isa = XCBuildConfiguration;
			buildSettings = {
				ALWAYS_SEARCH_USER_PATHS = NO;
				CLANG_CXX_LANGUAGE_STANDARD = "gnu++0x";
				CLANG_CXX_LIBRARY = "libc++";
				CLANG_ENABLE_MODULES = YES;
				CLANG_ENABLE_OBJC_ARC = YES;
				CLANG_WARN_BOOL_CONVERSION = YES;
				CLANG_WARN_CONSTANT_CONVERSION = YES;
				CLANG_WARN_DIRECT_OBJC_ISA_USAGE = YES_ERROR;
				CLANG_WARN_EMPTY_BODY = YES;
				CLANG_WARN_ENUM_CONVERSION = YES;
				CLANG_WARN_INT_CONVERSION = YES;
				CLANG_WARN_OBJC_ROOT_CLASS = YES_ERROR;
				CLANG_WARN_UNREACHABLE_CODE = YES;
				CLANG_WARN__DUPLICATE_METHOD_MATCH = YES;
				"CODE_SIGN_IDENTITY[sdk=iphoneos*]" = "iPhone Developer";
				COPY_PHASE_STRIP = NO;
				DEBUG_INFORMATION_FORMAT = "dwarf-with-dsym";
				ENABLE_NS_ASSERTIONS = NO;
				ENABLE_STRICT_OBJC_MSGSEND = YES;
				GCC_C_LANGUAGE_STANDARD = gnu99;
				GCC_NO_COMMON_BLOCKS = YES;
				GCC_WARN_64_TO_32_BIT_CONVERSION = YES;
				GCC_WARN_ABOUT_RETURN_TYPE = YES_ERROR;
				GCC_WARN_UNDECLARED_SELECTOR = YES;
				GCC_WARN_UNINITIALIZED_AUTOS = YES_AGGRESSIVE;
				GCC_WARN_UNUSED_FUNCTION = YES;
				GCC_WARN_UNUSED_VARIABLE = YES;
				IPHONEOS_DEPLOYMENT_TARGET = 9.0;
				MTL_ENABLE_DEBUG_INFO = NO;
				SDKROOT = iphoneos;
				VALIDATE_PRODUCT = YES;
			};
			name = Release;
		};
		D45030D61BC59EDF000164A6 /* Debug */ = {
			isa = XCBuildConfiguration;
			buildSettings = {
				ASSETCATALOG_COMPILER_APPICON_NAME = AppIcon;
				INFOPLIST_FILE = Project22/Info.plist;
				LD_RUNPATH_SEARCH_PATHS = "$(inherited) @executable_path/Frameworks";
				PRODUCT_BUNDLE_IDENTIFIER = com.crjones.Project22;
				PRODUCT_NAME = "$(TARGET_NAME)";
			};
			name = Debug;
		};
		D45030D71BC59EDF000164A6 /* Release */ = {
			isa = XCBuildConfiguration;
			buildSettings = {
				ASSETCATALOG_COMPILER_APPICON_NAME = AppIcon;
				INFOPLIST_FILE = Project22/Info.plist;
				LD_RUNPATH_SEARCH_PATHS = "$(inherited) @executable_path/Frameworks";
				PRODUCT_BUNDLE_IDENTIFIER = com.crjones.Project22;
				PRODUCT_NAME = "$(TARGET_NAME)";
			};
			name = Release;
		};
/* End XCBuildConfiguration section */

/* Begin XCConfigurationList section */
		D45030BE1BC59EDF000164A6 /* Build configuration list for PBXProject "Project22" */ = {
			isa = XCConfigurationList;
			buildConfigurations = (
				D45030D31BC59EDF000164A6 /* Debug */,
				D45030D41BC59EDF000164A6 /* Release */,
			);
			defaultConfigurationIsVisible = 0;
			defaultConfigurationName = Release;
		};
		D45030D51BC59EDF000164A6 /* Build configuration list for PBXNativeTarget "Project22" */ = {
			isa = XCConfigurationList;
			buildConfigurations = (
				D45030D61BC59EDF000164A6 /* Debug */,
				D45030D71BC59EDF000164A6 /* Release */,
			);
			defaultConfigurationIsVisible = 0;
		};
/* End XCConfigurationList section */
	};
	rootObject = D45030BB1BC59EDF000164A6 /* Project object */;
}
