// !$*UTF8*$!
{
	archiveVersion = 1;
	classes = {
	};
	objectVersion = 46;
	objects = {

/* Begin PBXBuildFile section */
		D45030E51BC5AE65000164A6 /* AppDelegate.swift in Sources */ = {isa = PBXBuildFile; fileRef = D45030E41BC5AE65000164A6 /* AppDelegate.swift */; };
		D45030E71BC5AE65000164A6 /* GameScene.sks in Resources */ = {isa = PBXBuildFile; fileRef = D45030E61BC5AE65000164A6 /* GameScene.sks */; };
		D45030E91BC5AE65000164A6 /* GameScene.swift in Sources */ = {isa = PBXBuildFile; fileRef = D45030E81BC5AE65000164A6 /* GameScene.swift */; };
		D45030EB1BC5AE65000164A6 /* GameViewController.swift in Sources */ = {isa = PBXBuildFile; fileRef = D45030EA1BC5AE65000164A6 /* GameViewController.swift */; };
		D45030EE1BC5AE65000164A6 /* Main.storyboard in Resources */ = {isa = PBXBuildFile; fileRef = D45030EC1BC5AE65000164A6 /* Main.storyboard */; };
		D45030F01BC5AE65000164A6 /* Assets.xcassets in Resources */ = {isa = PBXBuildFile; fileRef = D45030EF1BC5AE65000164A6 /* Assets.xcassets */; };
		D45030F31BC5AE65000164A6 /* LaunchScreen.storyboard in Resources */ = {isa = PBXBuildFile; fileRef = D45030F11BC5AE65000164A6 /* LaunchScreen.storyboard */; };
		D45031071BC5B01F000164A6 /* ball.png in Resources */ = {isa = PBXBuildFile; fileRef = D45030FB1BC5B01F000164A6 /* ball.png */; settings = {ASSET_TAGS = (); }; };
		D45031081BC5B01F000164A6 /* ball@2x.png in Resources */ = {isa = PBXBuildFile; fileRef = D45030FC1BC5B01F000164A6 /* ball@2x.png */; settings = {ASSET_TAGS = (); }; };
		D45031091BC5B01F000164A6 /* bigSpark.png in Resources */ = {isa = PBXBuildFile; fileRef = D45030FD1BC5B01F000164A6 /* bigSpark.png */; settings = {ASSET_TAGS = (); }; };
		D450310A1BC5B01F000164A6 /* explosion.sks in Resources */ = {isa = PBXBuildFile; fileRef = D45030FE1BC5B01F000164A6 /* explosion.sks */; settings = {ASSET_TAGS = (); }; };
		D450310B1BC5B01F000164A6 /* hammer.png in Resources */ = {isa = PBXBuildFile; fileRef = D45030FF1BC5B01F000164A6 /* hammer.png */; settings = {ASSET_TAGS = (); }; };
		D450310C1BC5B01F000164A6 /* hammer@2x.png in Resources */ = {isa = PBXBuildFile; fileRef = D45031001BC5B01F000164A6 /* hammer@2x.png */; settings = {ASSET_TAGS = (); }; };
		D450310D1BC5B01F000164A6 /* player.png in Resources */ = {isa = PBXBuildFile; fileRef = D45031011BC5B01F000164A6 /* player.png */; settings = {ASSET_TAGS = (); }; };
		D450310E1BC5B01F000164A6 /* player@2x.png in Resources */ = {isa = PBXBuildFile; fileRef = D45031021BC5B01F000164A6 /* player@2x.png */; settings = {ASSET_TAGS = (); }; };
		D450310F1BC5B01F000164A6 /* spark.png in Resources */ = {isa = PBXBuildFile; fileRef = D45031031BC5B01F000164A6 /* spark.png */; settings = {ASSET_TAGS = (); }; };
		D45031101BC5B01F000164A6 /* Starfield.sks in Resources */ = {isa = PBXBuildFile; fileRef = D45031041BC5B01F000164A6 /* Starfield.sks */; settings = {ASSET_TAGS = (); }; };
		D45031111BC5B01F000164A6 /* tv.png in Resources */ = {isa = PBXBuildFile; fileRef = D45031051BC5B01F000164A6 /* tv.png */; settings = {ASSET_TAGS = (); }; };
		D45031121BC5B01F000164A6 /* tv@2x.png in Resources */ = {isa = PBXBuildFile; fileRef = D45031061BC5B01F000164A6 /* tv@2x.png */; settings = {ASSET_TAGS = (); }; };
/* End PBXBuildFile section */

/* Begin PBXFileReference section */
		D45030E11BC5AE65000164A6 /* Project23.app */ = {isa = PBXFileReference; explicitFileType = wrapper.application; includeInIndex = 0; path = Project23.app; sourceTree = BUILT_PRODUCTS_DIR; };
		D45030E41BC5AE65000164A6 /* AppDelegate.swift */ = {isa = PBXFileReference; lastKnownFileType = sourcecode.swift; path = AppDelegate.swift; sourceTree = "<group>"; };
		D45030E61BC5AE65000164A6 /* GameScene.sks */ = {isa = PBXFileReference; lastKnownFileType = file.sks; path = GameScene.sks; sourceTree = "<group>"; };
		D45030E81BC5AE65000164A6 /* GameScene.swift */ = {isa = PBXFileReference; lastKnownFileType = sourcecode.swift; path = GameScene.swift; sourceTree = "<group>"; };
		D45030EA1BC5AE65000164A6 /* GameViewController.swift */ = {isa = PBXFileReference; lastKnownFileType = sourcecode.swift; path = GameViewController.swift; sourceTree = "<group>"; };
		D45030ED1BC5AE65000164A6 /* Base */ = {isa = PBXFileReference; lastKnownFileType = file.storyboard; name = Base; path = Base.lproj/Main.storyboard; sourceTree = "<group>"; };
		D45030EF1BC5AE65000164A6 /* Assets.xcassets */ = {isa = PBXFileReference; lastKnownFileType = folder.assetcatalog; path = Assets.xcassets; sourceTree = "<group>"; };
		D45030F21BC5AE65000164A6 /* Base */ = {isa = PBXFileReference; lastKnownFileType = file.storyboard; name = Base; path = Base.lproj/LaunchScreen.storyboard; sourceTree = "<group>"; };
		D45030F41BC5AE65000164A6 /* Info.plist */ = {isa = PBXFileReference; lastKnownFileType = text.plist.xml; path = Info.plist; sourceTree = "<group>"; };
		D45030FB1BC5B01F000164A6 /* ball.png */ = {isa = PBXFileReference; lastKnownFileType = image.png; path = ball.png; sourceTree = "<group>"; };
		D45030FC1BC5B01F000164A6 /* ball@2x.png */ = {isa = PBXFileReference; lastKnownFileType = image.png; path = "ball@2x.png"; sourceTree = "<group>"; };
		D45030FD1BC5B01F000164A6 /* bigSpark.png */ = {isa = PBXFileReference; lastKnownFileType = image.png; path = bigSpark.png; sourceTree = "<group>"; };
		D45030FE1BC5B01F000164A6 /* explosion.sks */ = {isa = PBXFileReference; lastKnownFileType = file.sks; path = explosion.sks; sourceTree = "<group>"; };
		D45030FF1BC5B01F000164A6 /* hammer.png */ = {isa = PBXFileReference; lastKnownFileType = image.png; path = hammer.png; sourceTree = "<group>"; };
		D45031001BC5B01F000164A6 /* hammer@2x.png */ = {isa = PBXFileReference; lastKnownFileType = image.png; path = "hammer@2x.png"; sourceTree = "<group>"; };
		D45031011BC5B01F000164A6 /* player.png */ = {isa = PBXFileReference; lastKnownFileType = image.png; path = player.png; sourceTree = "<group>"; };
		D45031021BC5B01F000164A6 /* player@2x.png */ = {isa = PBXFileReference; lastKnownFileType = image.png; path = "player@2x.png"; sourceTree = "<group>"; };
		D45031031BC5B01F000164A6 /* spark.png */ = {isa = PBXFileReference; lastKnownFileType = image.png; path = spark.png; sourceTree = "<group>"; };
		D45031041BC5B01F000164A6 /* Starfield.sks */ = {isa = PBXFileReference; lastKnownFileType = file.sks; path = Starfield.sks; sourceTree = "<group>"; };
		D45031051BC5B01F000164A6 /* tv.png */ = {isa = PBXFileReference; lastKnownFileType = image.png; path = tv.png; sourceTree = "<group>"; };
		D45031061BC5B01F000164A6 /* tv@2x.png */ = {isa = PBXFileReference; lastKnownFileType = image.png; path = "tv@2x.png"; sourceTree = "<group>"; };
/* End PBXFileReference section */

/* Begin PBXFrameworksBuildPhase section */
		D45030DE1BC5AE65000164A6 /* Frameworks */ = {
			isa = PBXFrameworksBuildPhase;
			buildActionMask = 2147483647;
			files = (
			);
			runOnlyForDeploymentPostprocessing = 0;
		};
/* End PBXFrameworksBuildPhase section */

/* Begin PBXGroup section */
		D45030D81BC5AE65000164A6 = {
			isa = PBXGroup;
			children = (
				D45030E31BC5AE65000164A6 /* Project23 */,
				D45030E21BC5AE65000164A6 /* Products */,
			);
			sourceTree = "<group>";
		};
		D45030E21BC5AE65000164A6 /* Products */ = {
			isa = PBXGroup;
			children = (
				D45030E11BC5AE65000164A6 /* Project23.app */,
			);
			name = Products;
			sourceTree = "<group>";
		};
		D45030E31BC5AE65000164A6 /* Project23 */ = {
			isa = PBXGroup;
			children = (
				D45030E41BC5AE65000164A6 /* AppDelegate.swift */,
				D45030E61BC5AE65000164A6 /* GameScene.sks */,
				D45030E81BC5AE65000164A6 /* GameScene.swift */,
				D45030EA1BC5AE65000164A6 /* GameViewController.swift */,
				D45030EC1BC5AE65000164A6 /* Main.storyboard */,
				D45030EF1BC5AE65000164A6 /* Assets.xcassets */,
				D45030FA1BC5B01F000164A6 /* Content */,
				D45030F11BC5AE65000164A6 /* LaunchScreen.storyboard */,
				D45030F41BC5AE65000164A6 /* Info.plist */,
			);
			path = Project23;
			sourceTree = "<group>";
		};
		D45030FA1BC5B01F000164A6 /* Content */ = {
			isa = PBXGroup;
			children = (
				D45030FB1BC5B01F000164A6 /* ball.png */,
				D45030FC1BC5B01F000164A6 /* ball@2x.png */,
				D45030FD1BC5B01F000164A6 /* bigSpark.png */,
				D45030FE1BC5B01F000164A6 /* explosion.sks */,
				D45030FF1BC5B01F000164A6 /* hammer.png */,
				D45031001BC5B01F000164A6 /* hammer@2x.png */,
				D45031011BC5B01F000164A6 /* player.png */,
				D45031021BC5B01F000164A6 /* player@2x.png */,
				D45031031BC5B01F000164A6 /* spark.png */,
				D45031041BC5B01F000164A6 /* Starfield.sks */,
				D45031051BC5B01F000164A6 /* tv.png */,
				D45031061BC5B01F000164A6 /* tv@2x.png */,
			);
			name = Content;
			path = ../Content;
			sourceTree = "<group>";
		};
/* End PBXGroup section */

/* Begin PBXNativeTarget section */
		D45030E01BC5AE65000164A6 /* Project23 */ = {
			isa = PBXNativeTarget;
			buildConfigurationList = D45030F71BC5AE65000164A6 /* Build configuration list for PBXNativeTarget "Project23" */;
			buildPhases = (
				D45030DD1BC5AE65000164A6 /* Sources */,
				D45030DE1BC5AE65000164A6 /* Frameworks */,
				D45030DF1BC5AE65000164A6 /* Resources */,
			);
			buildRules = (
			);
			dependencies = (
			);
			name = Project23;
			productName = Project23;
			productReference = D45030E11BC5AE65000164A6 /* Project23.app */;
			productType = "com.apple.product-type.application";
		};
/* End PBXNativeTarget section */

/* Begin PBXProject section */
		D45030D91BC5AE65000164A6 /* Project object */ = {
			isa = PBXProject;
			attributes = {
				LastUpgradeCheck = 0700;
				ORGANIZATIONNAME = "Charley Jones";
				TargetAttributes = {
					D45030E01BC5AE65000164A6 = {
						CreatedOnToolsVersion = 7.0;
					};
				};
			};
			buildConfigurationList = D45030DC1BC5AE65000164A6 /* Build configuration list for PBXProject "Project23" */;
			compatibilityVersion = "Xcode 3.2";
			developmentRegion = English;
			hasScannedForEncodings = 0;
			knownRegions = (
				en,
				Base,
			);
			mainGroup = D45030D81BC5AE65000164A6;
			productRefGroup = D45030E21BC5AE65000164A6 /* Products */;
			projectDirPath = "";
			projectRoot = "";
			targets = (
				D45030E01BC5AE65000164A6 /* Project23 */,
			);
		};
/* End PBXProject section */

/* Begin PBXResourcesBuildPhase section */
		D45030DF1BC5AE65000164A6 /* Resources */ = {
			isa = PBXResourcesBuildPhase;
			buildActionMask = 2147483647;
			files = (
				D45031121BC5B01F000164A6 /* tv@2x.png in Resources */,
				D45031101BC5B01F000164A6 /* Starfield.sks in Resources */,
				D45030E71BC5AE65000164A6 /* GameScene.sks in Resources */,
				D450310D1BC5B01F000164A6 /* player.png in Resources */,
				D45031091BC5B01F000164A6 /* bigSpark.png in Resources */,
				D45031081BC5B01F000164A6 /* ball@2x.png in Resources */,
				D45031111BC5B01F000164A6 /* tv.png in Resources */,
				D45031071BC5B01F000164A6 /* ball.png in Resources */,
				D450310F1BC5B01F000164A6 /* spark.png in Resources */,
				D450310C1BC5B01F000164A6 /* hammer@2x.png in Resources */,
				D450310B1BC5B01F000164A6 /* hammer.png in Resources */,
				D450310E1BC5B01F000164A6 /* player@2x.png in Resources */,
				D45030F31BC5AE65000164A6 /* LaunchScreen.storyboard in Resources */,
				D450310A1BC5B01F000164A6 /* explosion.sks in Resources */,
				D45030F01BC5AE65000164A6 /* Assets.xcassets in Resources */,
				D45030EE1BC5AE65000164A6 /* Main.storyboard in Resources */,
			);
			runOnlyForDeploymentPostprocessing = 0;
		};
/* End PBXResourcesBuildPhase section */

/* Begin PBXSourcesBuildPhase section */
		D45030DD1BC5AE65000164A6 /* Sources */ = {
			isa = PBXSourcesBuildPhase;
			buildActionMask = 2147483647;
			files = (
				D45030E91BC5AE65000164A6 /* GameScene.swift in Sources */,
				D45030EB1BC5AE65000164A6 /* GameViewController.swift in Sources */,
				D45030E51BC5AE65000164A6 /* AppDelegate.swift in Sources */,
			);
			runOnlyForDeploymentPostprocessing = 0;
		};
/* End PBXSourcesBuildPhase section */

/* Begin PBXVariantGroup section */
		D45030EC1BC5AE65000164A6 /* Main.storyboard */ = {
			isa = PBXVariantGroup;
			children = (
				D45030ED1BC5AE65000164A6 /* Base */,
			);
			name = Main.storyboard;
			sourceTree = "<group>";
		};
		D45030F11BC5AE65000164A6 /* LaunchScreen.storyboard */ = {
			isa = PBXVariantGroup;
			children = (
				D45030F21BC5AE65000164A6 /* Base */,
			);
			name = LaunchScreen.storyboard;
			sourceTree = "<group>";
		};
/* End PBXVariantGroup section */

/* Begin XCBuildConfiguration section */
		D45030F51BC5AE65000164A6 /* Debug */ = {
			isa = XCBuildConfiguration;
			buildSettings = {
				ALWAYS_SEARCH_USER_PATHS = NO;
				CLANG_CXX_LANGUAGE_STANDARD = "gnu++0x";
				CLANG_CXX_LIBRARY = "libc++";
				CLANG_ENABLE_MODULES = YES;
				CLANG_ENABLE_OBJC_ARC = YES;
				CLANG_WARN_BOOL_CONVERSION = YES;
				CLANG_WARN_CONSTANT_CONVERSION = YES;
				CLANG_WARN_DIRECT_OBJC_ISA_USAGE = YES_ERROR;
				CLANG_WARN_EMPTY_BODY = YES;
				CLANG_WARN_ENUM_CONVERSION = YES;
				CLANG_WARN_INT_CONVERSION = YES;
				CLANG_WARN_OBJC_ROOT_CLASS = YES_ERROR;
				CLANG_WARN_UNREACHABLE_CODE = YES;
				CLANG_WARN__DUPLICATE_METHOD_MATCH = YES;
				"CODE_SIGN_IDENTITY[sdk=iphoneos*]" = "iPhone Developer";
				COPY_PHASE_STRIP = NO;
				DEBUG_INFORMATION_FORMAT = "dwarf-with-dsym";
				ENABLE_STRICT_OBJC_MSGSEND = YES;
				ENABLE_TESTABILITY = YES;
				GCC_C_LANGUAGE_STANDARD = gnu99;
				GCC_DYNAMIC_NO_PIC = NO;
				GCC_NO_COMMON_BLOCKS = YES;
				GCC_OPTIMIZATION_LEVEL = 0;
				GCC_PREPROCESSOR_DEFINITIONS = (
					"DEBUG=1",
					"$(inherited)",
				);
				GCC_WARN_64_TO_32_BIT_CONVERSION = YES;
				GCC_WARN_ABOUT_RETURN_TYPE = YES_ERROR;
				GCC_WARN_UNDECLARED_SELECTOR = YES;
				GCC_WARN_UNINITIALIZED_AUTOS = YES_AGGRESSIVE;
				GCC_WARN_UNUSED_FUNCTION = YES;
				GCC_WARN_UNUSED_VARIABLE = YES;
				IPHONEOS_DEPLOYMENT_TARGET = 9.0;
				MTL_ENABLE_DEBUG_INFO = YES;
				ONLY_ACTIVE_ARCH = YES;
				SDKROOT = iphoneos;
				SWIFT_OPTIMIZATION_LEVEL = "-Onone";
				TARGETED_DEVICE_FAMILY = 2;
			};
			name = Debug;
		};
		D45030F61BC5AE65000164A6 /* Release */ = {
			isa = XCBuildConfiguration;
			buildSettings = {
				ALWAYS_SEARCH_USER_PATHS = NO;
				CLANG_CXX_LANGUAGE_STANDARD = "gnu++0x";
				CLANG_CXX_LIBRARY = "libc++";
				CLANG_ENABLE_MODULES = YES;
				CLANG_ENABLE_OBJC_ARC = YES;
				CLANG_WARN_BOOL_CONVERSION = YES;
				CLANG_WARN_CONSTANT_CONVERSION = YES;
				CLANG_WARN_DIRECT_OBJC_ISA_USAGE = YES_ERROR;
				CLANG_WARN_EMPTY_BODY = YES;
				CLANG_WARN_ENUM_CONVERSION = YES;
				CLANG_WARN_INT_CONVERSION = YES;
				CLANG_WARN_OBJC_ROOT_CLASS = YES_ERROR;
				CLANG_WARN_UNREACHABLE_CODE = YES;
				CLANG_WARN__DUPLICATE_METHOD_MATCH = YES;
				"CODE_SIGN_IDENTITY[sdk=iphoneos*]" = "iPhone Developer";
				COPY_PHASE_STRIP = NO;
				DEBUG_INFORMATION_FORMAT = "dwarf-with-dsym";
				ENABLE_NS_ASSERTIONS = NO;
				ENABLE_STRICT_OBJC_MSGSEND = YES;
				GCC_C_LANGUAGE_STANDARD = gnu99;
				GCC_NO_COMMON_BLOCKS = YES;
				GCC_WARN_64_TO_32_BIT_CONVERSION = YES;
				GCC_WARN_ABOUT_RETURN_TYPE = YES_ERROR;
				GCC_WARN_UNDECLARED_SELECTOR = YES;
				GCC_WARN_UNINITIALIZED_AUTOS = YES_AGGRESSIVE;
				GCC_WARN_UNUSED_FUNCTION = YES;
				GCC_WARN_UNUSED_VARIABLE = YES;
				IPHONEOS_DEPLOYMENT_TARGET = 9.0;
				MTL_ENABLE_DEBUG_INFO = NO;
				SDKROOT = iphoneos;
				TARGETED_DEVICE_FAMILY = 2;
				VALIDATE_PRODUCT = YES;
			};
			name = Release;
		};
		D45030F81BC5AE65000164A6 /* Debug */ = {
			isa = XCBuildConfiguration;
			buildSettings = {
				ASSETCATALOG_COMPILER_APPICON_NAME = AppIcon;
				INFOPLIST_FILE = Project23/Info.plist;
				LD_RUNPATH_SEARCH_PATHS = "$(inherited) @executable_path/Frameworks";
				PRODUCT_BUNDLE_IDENTIFIER = com.crjones.Project23;
				PRODUCT_NAME = "$(TARGET_NAME)";
			};
			name = Debug;
		};
		D45030F91BC5AE65000164A6 /* Release */ = {
			isa = XCBuildConfiguration;
			buildSettings = {
				ASSETCATALOG_COMPILER_APPICON_NAME = AppIcon;
				INFOPLIST_FILE = Project23/Info.plist;
				LD_RUNPATH_SEARCH_PATHS = "$(inherited) @executable_path/Frameworks";
				PRODUCT_BUNDLE_IDENTIFIER = com.crjones.Project23;
				PRODUCT_NAME = "$(TARGET_NAME)";
			};
			name = Release;
		};
/* End XCBuildConfiguration section */

/* Begin XCConfigurationList section */
		D45030DC1BC5AE65000164A6 /* Build configuration list for PBXProject "Project23" */ = {
			isa = XCConfigurationList;
			buildConfigurations = (
				D45030F51BC5AE65000164A6 /* Debug */,
				D45030F61BC5AE65000164A6 /* Release */,
			);
			defaultConfigurationIsVisible = 0;
			defaultConfigurationName = Release;
		};
		D45030F71BC5AE65000164A6 /* Build configuration list for PBXNativeTarget "Project23" */ = {
			isa = XCConfigurationList;
			buildConfigurations = (
				D45030F81BC5AE65000164A6 /* Debug */,
				D45030F91BC5AE65000164A6 /* Release */,
			);
			defaultConfigurationIsVisible = 0;
		};
/* End XCConfigurationList section */
	};
	rootObject = D45030D91BC5AE65000164A6 /* Project object */;
}
