// !$*UTF8*$!
{
	archiveVersion = 1;
	classes = {
	};
	objectVersion = 46;
	objects = {

/* Begin PBXBuildFile section */
		D44911771BBA549D00054562 /* AppDelegate.swift in Sources */ = {isa = PBXBuildFile; fileRef = D44911761BBA549D00054562 /* AppDelegate.swift */; };
		D44911791BBA549D00054562 /* ViewController.swift in Sources */ = {isa = PBXBuildFile; fileRef = D44911781BBA549D00054562 /* ViewController.swift */; };
		D449117C1BBA549D00054562 /* Main.storyboard in Resources */ = {isa = PBXBuildFile; fileRef = D449117A1BBA549D00054562 /* Main.storyboard */; };
		D449117E1BBA549D00054562 /* Assets.xcassets in Resources */ = {isa = PBXBuildFile; fileRef = D449117D1BBA549D00054562 /* Assets.xcassets */; };
		D44911811BBA549D00054562 /* LaunchScreen.storyboard in Resources */ = {isa = PBXBuildFile; fileRef = D449117F1BBA549D00054562 /* LaunchScreen.storyboard */; };
		D449118F1BBA560D00054562 /* ActionViewController.swift in Sources */ = {isa = PBXBuildFile; fileRef = D449118E1BBA560D00054562 /* ActionViewController.swift */; };
		D44911921BBA560D00054562 /* MainInterface.storyboard in Resources */ = {isa = PBXBuildFile; fileRef = D44911901BBA560D00054562 /* MainInterface.storyboard */; };
		D44911961BBA560D00054562 /* Extension.appex in Embed App Extensions */ = {isa = PBXBuildFile; fileRef = D449118C1BBA560D00054562 /* Extension.appex */; settings = {ATTRIBUTES = (RemoveHeadersOnCopy, ); }; };
		D449119C1BBB1D4100054562 /* Action.js in Resources */ = {isa = PBXBuildFile; fileRef = D449119B1BBB1D4100054562 /* Action.js */; settings = {ASSET_TAGS = (); }; };
		D449119D1BBB1E0800054562 /* Action.js in Resources */ = {isa = PBXBuildFile; fileRef = D449119B1BBB1D4100054562 /* Action.js */; };
/* End PBXBuildFile section */

/* Begin PBXContainerItemProxy section */
		D44911941BBA560D00054562 /* PBXContainerItemProxy */ = {
			isa = PBXContainerItemProxy;
			containerPortal = D449116B1BBA549C00054562 /* Project object */;
			proxyType = 1;
			remoteGlobalIDString = D449118B1BBA560D00054562;
			remoteInfo = Extension;
		};
/* End PBXContainerItemProxy section */

/* Begin PBXCopyFilesBuildPhase section */
		D449119A1BBA560D00054562 /* Embed App Extensions */ = {
			isa = PBXCopyFilesBuildPhase;
			buildActionMask = 2147483647;
			dstPath = "";
			dstSubfolderSpec = 13;
			files = (
				D44911961BBA560D00054562 /* Extension.appex in Embed App Extensions */,
			);
			name = "Embed App Extensions";
			runOnlyForDeploymentPostprocessing = 0;
		};
/* End PBXCopyFilesBuildPhase section */

/* Begin PBXFileReference section */
		D44911731BBA549D00054562 /* Project16.app */ = {isa = PBXFileReference; explicitFileType = wrapper.application; includeInIndex = 0; path = Project16.app; sourceTree = BUILT_PRODUCTS_DIR; };
		D44911761BBA549D00054562 /* AppDelegate.swift */ = {isa = PBXFileReference; lastKnownFileType = sourcecode.swift; path = AppDelegate.swift; sourceTree = "<group>"; };
		D44911781BBA549D00054562 /* ViewController.swift */ = {isa = PBXFileReference; lastKnownFileType = sourcecode.swift; path = ViewController.swift; sourceTree = "<group>"; };
		D449117B1BBA549D00054562 /* Base */ = {isa = PBXFileReference; lastKnownFileType = file.storyboard; name = Base; path = Base.lproj/Main.storyboard; sourceTree = "<group>"; };
		D449117D1BBA549D00054562 /* Assets.xcassets */ = {isa = PBXFileReference; lastKnownFileType = folder.assetcatalog; path = Assets.xcassets; sourceTree = "<group>"; };
		D44911801BBA549D00054562 /* Base */ = {isa = PBXFileReference; lastKnownFileType = file.storyboard; name = Base; path = Base.lproj/LaunchScreen.storyboard; sourceTree = "<group>"; };
		D44911821BBA549D00054562 /* Info.plist */ = {isa = PBXFileReference; lastKnownFileType = text.plist.xml; path = Info.plist; sourceTree = "<group>"; };
		D449118C1BBA560D00054562 /* Extension.appex */ = {isa = PBXFileReference; explicitFileType = "wrapper.app-extension"; includeInIndex = 0; path = Extension.appex; sourceTree = BUILT_PRODUCTS_DIR; };
		D449118E1BBA560D00054562 /* ActionViewController.swift */ = {isa = PBXFileReference; lastKnownFileType = sourcecode.swift; path = ActionViewController.swift; sourceTree = "<group>"; };
		D44911911BBA560D00054562 /* Base */ = {isa = PBXFileReference; lastKnownFileType = file.storyboard; name = Base; path = Base.lproj/MainInterface.storyboard; sourceTree = "<group>"; };
		D44911931BBA560D00054562 /* Info.plist */ = {isa = PBXFileReference; lastKnownFileType = text.plist.xml; path = Info.plist; sourceTree = "<group>"; };
		D449119B1BBB1D4100054562 /* Action.js */ = {isa = PBXFileReference; fileEncoding = 4; lastKnownFileType = sourcecode.javascript; path = Action.js; sourceTree = "<group>"; };
/* End PBXFileReference section */

/* Begin PBXFrameworksBuildPhase section */
		D44911701BBA549D00054562 /* Frameworks */ = {
			isa = PBXFrameworksBuildPhase;
			buildActionMask = 2147483647;
			files = (
			);
			runOnlyForDeploymentPostprocessing = 0;
		};
		D44911891BBA560D00054562 /* Frameworks */ = {
			isa = PBXFrameworksBuildPhase;
			buildActionMask = 2147483647;
			files = (
			);
			runOnlyForDeploymentPostprocessing = 0;
		};
/* End PBXFrameworksBuildPhase section */

/* Begin PBXGroup section */
		D449116A1BBA549C00054562 = {
			isa = PBXGroup;
			children = (
				D44911751BBA549D00054562 /* Project16 */,
				D449118D1BBA560D00054562 /* Extension */,
				D44911741BBA549D00054562 /* Products */,
			);
			sourceTree = "<group>";
		};
		D44911741BBA549D00054562 /* Products */ = {
			isa = PBXGroup;
			children = (
				D44911731BBA549D00054562 /* Project16.app */,
				D449118C1BBA560D00054562 /* Extension.appex */,
			);
			name = Products;
			sourceTree = "<group>";
		};
		D44911751BBA549D00054562 /* Project16 */ = {
			isa = PBXGroup;
			children = (
				D44911761BBA549D00054562 /* AppDelegate.swift */,
				D44911781BBA549D00054562 /* ViewController.swift */,
				D449117A1BBA549D00054562 /* Main.storyboard */,
				D449117D1BBA549D00054562 /* Assets.xcassets */,
				D449117F1BBA549D00054562 /* LaunchScreen.storyboard */,
				D44911821BBA549D00054562 /* Info.plist */,
			);
			path = Project16;
			sourceTree = "<group>";
		};
		D449118D1BBA560D00054562 /* Extension */ = {
			isa = PBXGroup;
			children = (
				D449118E1BBA560D00054562 /* ActionViewController.swift */,
				D44911901BBA560D00054562 /* MainInterface.storyboard */,
				D44911931BBA560D00054562 /* Info.plist */,
				D449119B1BBB1D4100054562 /* Action.js */,
			);
			path = Extension;
			sourceTree = "<group>";
		};
/* End PBXGroup section */

/* Begin PBXNativeTarget section */
		D44911721BBA549D00054562 /* Project16 */ = {
			isa = PBXNativeTarget;
			buildConfigurationList = D44911851BBA549D00054562 /* Build configuration list for PBXNativeTarget "Project16" */;
			buildPhases = (
				D449116F1BBA549D00054562 /* Sources */,
				D44911701BBA549D00054562 /* Frameworks */,
				D44911711BBA549D00054562 /* Resources */,
				D449119A1BBA560D00054562 /* Embed App Extensions */,
			);
			buildRules = (
			);
			dependencies = (
				D44911951BBA560D00054562 /* PBXTargetDependency */,
			);
			name = Project16;
			productName = Project16;
			productReference = D44911731BBA549D00054562 /* Project16.app */;
			productType = "com.apple.product-type.application";
		};
		D449118B1BBA560D00054562 /* Extension */ = {
			isa = PBXNativeTarget;
			buildConfigurationList = D44911971BBA560D00054562 /* Build configuration list for PBXNativeTarget "Extension" */;
			buildPhases = (
				D44911881BBA560D00054562 /* Sources */,
				D44911891BBA560D00054562 /* Frameworks */,
				D449118A1BBA560D00054562 /* Resources */,
			);
			buildRules = (
			);
			dependencies = (
			);
			name = Extension;
			productName = Extension;
			productReference = D449118C1BBA560D00054562 /* Extension.appex */;
			productType = "com.apple.product-type.app-extension";
		};
/* End PBXNativeTarget section */

/* Begin PBXProject section */
		D449116B1BBA549C00054562 /* Project object */ = {
			isa = PBXProject;
			attributes = {
				LastUpgradeCheck = 0700;
				ORGANIZATIONNAME = "Charley Jones";
				TargetAttributes = {
					D44911721BBA549D00054562 = {
						CreatedOnToolsVersion = 7.0;
					};
					D449118B1BBA560D00054562 = {
						CreatedOnToolsVersion = 7.0;
					};
				};
			};
			buildConfigurationList = D449116E1BBA549C00054562 /* Build configuration list for PBXProject "Project16" */;
			compatibilityVersion = "Xcode 3.2";
			developmentRegion = English;
			hasScannedForEncodings = 0;
			knownRegions = (
				en,
				Base,
			);
			mainGroup = D449116A1BBA549C00054562;
			productRefGroup = D44911741BBA549D00054562 /* Products */;
			projectDirPath = "";
			projectRoot = "";
			targets = (
				D44911721BBA549D00054562 /* Project16 */,
				D449118B1BBA560D00054562 /* Extension */,
			);
		};
/* End PBXProject section */

/* Begin PBXResourcesBuildPhase section */
		D44911711BBA549D00054562 /* Resources */ = {
			isa = PBXResourcesBuildPhase;
			buildActionMask = 2147483647;
			files = (
				D449119D1BBB1E0800054562 /* Action.js in Resources */,
				D44911811BBA549D00054562 /* LaunchScreen.storyboard in Resources */,
				D449117E1BBA549D00054562 /* Assets.xcassets in Resources */,
				D449117C1BBA549D00054562 /* Main.storyboard in Resources */,
			);
			runOnlyForDeploymentPostprocessing = 0;
		};
		D449118A1BBA560D00054562 /* Resources */ = {
			isa = PBXResourcesBuildPhase;
			buildActionMask = 2147483647;
			files = (
				D449119C1BBB1D4100054562 /* Action.js in Resources */,
				D44911921BBA560D00054562 /* MainInterface.storyboard in Resources */,
			);
			runOnlyForDeploymentPostprocessing = 0;
		};
/* End PBXResourcesBuildPhase section */

/* Begin PBXSourcesBuildPhase section */
		D449116F1BBA549D00054562 /* Sources */ = {
			isa = PBXSourcesBuildPhase;
			buildActionMask = 2147483647;
			files = (
				D44911791BBA549D00054562 /* ViewController.swift in Sources */,
				D44911771BBA549D00054562 /* AppDelegate.swift in Sources */,
			);
			runOnlyForDeploymentPostprocessing = 0;
		};
		D44911881BBA560D00054562 /* Sources */ = {
			isa = PBXSourcesBuildPhase;
			buildActionMask = 2147483647;
			files = (
				D449118F1BBA560D00054562 /* ActionViewController.swift in Sources */,
			);
			runOnlyForDeploymentPostprocessing = 0;
		};
/* End PBXSourcesBuildPhase section */

/* Begin PBXTargetDependency section */
		D44911951BBA560D00054562 /* PBXTargetDependency */ = {
			isa = PBXTargetDependency;
			target = D449118B1BBA560D00054562 /* Extension */;
			targetProxy = D44911941BBA560D00054562 /* PBXContainerItemProxy */;
		};
/* End PBXTargetDependency section */

/* Begin PBXVariantGroup section */
		D449117A1BBA549D00054562 /* Main.storyboard */ = {
			isa = PBXVariantGroup;
			children = (
				D449117B1BBA549D00054562 /* Base */,
			);
			name = Main.storyboard;
			sourceTree = "<group>";
		};
		D449117F1BBA549D00054562 /* LaunchScreen.storyboard */ = {
			isa = PBXVariantGroup;
			children = (
				D44911801BBA549D00054562 /* Base */,
			);
			name = LaunchScreen.storyboard;
			sourceTree = "<group>";
		};
		D44911901BBA560D00054562 /* MainInterface.storyboard */ = {
			isa = PBXVariantGroup;
			children = (
				D44911911BBA560D00054562 /* Base */,
			);
			name = MainInterface.storyboard;
			sourceTree = "<group>";
		};
/* End PBXVariantGroup section */

/* Begin XCBuildConfiguration section */
		D44911831BBA549D00054562 /* Debug */ = {
			isa = XCBuildConfiguration;
			buildSettings = {
				ALWAYS_SEARCH_USER_PATHS = NO;
				CLANG_CXX_LANGUAGE_STANDARD = "gnu++0x";
				CLANG_CXX_LIBRARY = "libc++";
				CLANG_ENABLE_MODULES = YES;
				CLANG_ENABLE_OBJC_ARC = YES;
				CLANG_WARN_BOOL_CONVERSION = YES;
				CLANG_WARN_CONSTANT_CONVERSION = YES;
				CLANG_WARN_DIRECT_OBJC_ISA_USAGE = YES_ERROR;
				CLANG_WARN_EMPTY_BODY = YES;
				CLANG_WARN_ENUM_CONVERSION = YES;
				CLANG_WARN_INT_CONVERSION = YES;
				CLANG_WARN_OBJC_ROOT_CLASS = YES_ERROR;
				CLANG_WARN_UNREACHABLE_CODE = YES;
				CLANG_WARN__DUPLICATE_METHOD_MATCH = YES;
				"CODE_SIGN_IDENTITY[sdk=iphoneos*]" = "iPhone Developer";
				COPY_PHASE_STRIP = NO;
				DEBUG_INFORMATION_FORMAT = dwarf;
				ENABLE_STRICT_OBJC_MSGSEND = YES;
				ENABLE_TESTABILITY = YES;
				GCC_C_LANGUAGE_STANDARD = gnu99;
				GCC_DYNAMIC_NO_PIC = NO;
				GCC_NO_COMMON_BLOCKS = YES;
				GCC_OPTIMIZATION_LEVEL = 0;
				GCC_PREPROCESSOR_DEFINITIONS = (
					"DEBUG=1",
					"$(inherited)",
				);
				GCC_WARN_64_TO_32_BIT_CONVERSION = YES;
				GCC_WARN_ABOUT_RETURN_TYPE = YES_ERROR;
				GCC_WARN_UNDECLARED_SELECTOR = YES;
				GCC_WARN_UNINITIALIZED_AUTOS = YES_AGGRESSIVE;
				GCC_WARN_UNUSED_FUNCTION = YES;
				GCC_WARN_UNUSED_VARIABLE = YES;
				IPHONEOS_DEPLOYMENT_TARGET = 9.0;
				MTL_ENABLE_DEBUG_INFO = YES;
				ONLY_ACTIVE_ARCH = YES;
				SDKROOT = iphoneos;
				SWIFT_OPTIMIZATION_LEVEL = "-Onone";
			};
			name = Debug;
		};
		D44911841BBA549D00054562 /* Release */ = {
			isa = XCBuildConfiguration;
			buildSettings = {
				ALWAYS_SEARCH_USER_PATHS = NO;
				CLANG_CXX_LANGUAGE_STANDARD = "gnu++0x";
				CLANG_CXX_LIBRARY = "libc++";
				CLANG_ENABLE_MODULES = YES;
				CLANG_ENABLE_OBJC_ARC = YES;
				CLANG_WARN_BOOL_CONVERSION = YES;
				CLANG_WARN_CONSTANT_CONVERSION = YES;
				CLANG_WARN_DIRECT_OBJC_ISA_USAGE = YES_ERROR;
				CLANG_WARN_EMPTY_BODY = YES;
				CLANG_WARN_ENUM_CONVERSION = YES;
				CLANG_WARN_INT_CONVERSION = YES;
				CLANG_WARN_OBJC_ROOT_CLASS = YES_ERROR;
				CLANG_WARN_UNREACHABLE_CODE = YES;
				CLANG_WARN__DUPLICATE_METHOD_MATCH = YES;
				"CODE_SIGN_IDENTITY[sdk=iphoneos*]" = "iPhone Developer";
				COPY_PHASE_STRIP = NO;
				DEBUG_INFORMATION_FORMAT = "dwarf-with-dsym";
				ENABLE_NS_ASSERTIONS = NO;
				ENABLE_STRICT_OBJC_MSGSEND = YES;
				GCC_C_LANGUAGE_STANDARD = gnu99;
				GCC_NO_COMMON_BLOCKS = YES;
				GCC_WARN_64_TO_32_BIT_CONVERSION = YES;
				GCC_WARN_ABOUT_RETURN_TYPE = YES_ERROR;
				GCC_WARN_UNDECLARED_SELECTOR = YES;
				GCC_WARN_UNINITIALIZED_AUTOS = YES_AGGRESSIVE;
				GCC_WARN_UNUSED_FUNCTION = YES;
				GCC_WARN_UNUSED_VARIABLE = YES;
				IPHONEOS_DEPLOYMENT_TARGET = 9.0;
				MTL_ENABLE_DEBUG_INFO = NO;
				SDKROOT = iphoneos;
				VALIDATE_PRODUCT = YES;
			};
			name = Release;
		};
		D44911861BBA549D00054562 /* Debug */ = {
			isa = XCBuildConfiguration;
			buildSettings = {
				ASSETCATALOG_COMPILER_APPICON_NAME = AppIcon;
				EMBEDDED_CONTENT_CONTAINS_SWIFT = YES;
				INFOPLIST_FILE = Project16/Info.plist;
				LD_RUNPATH_SEARCH_PATHS = "$(inherited) @executable_path/Frameworks";
				PRODUCT_BUNDLE_IDENTIFIER = com.crjones.Project16;
				PRODUCT_NAME = "$(TARGET_NAME)";
			};
			name = Debug;
		};
		D44911871BBA549D00054562 /* Release */ = {
			isa = XCBuildConfiguration;
			buildSettings = {
				ASSETCATALOG_COMPILER_APPICON_NAME = AppIcon;
				EMBEDDED_CONTENT_CONTAINS_SWIFT = YES;
				INFOPLIST_FILE = Project16/Info.plist;
				LD_RUNPATH_SEARCH_PATHS = "$(inherited) @executable_path/Frameworks";
				PRODUCT_BUNDLE_IDENTIFIER = com.crjones.Project16;
				PRODUCT_NAME = "$(TARGET_NAME)";
			};
			name = Release;
		};
		D44911981BBA560D00054562 /* Debug */ = {
			isa = XCBuildConfiguration;
			buildSettings = {
				INFOPLIST_FILE = Extension/Info.plist;
				LD_RUNPATH_SEARCH_PATHS = "$(inherited) @executable_path/Frameworks @executable_path/../../Frameworks";
				PRODUCT_BUNDLE_IDENTIFIER = com.crjones.Project16.Extension;
				PRODUCT_NAME = "$(TARGET_NAME)";
				SKIP_INSTALL = YES;
			};
			name = Debug;
		};
		D44911991BBA560D00054562 /* Release */ = {
			isa = XCBuildConfiguration;
			buildSettings = {
				INFOPLIST_FILE = Extension/Info.plist;
				LD_RUNPATH_SEARCH_PATHS = "$(inherited) @executable_path/Frameworks @executable_path/../../Frameworks";
				PRODUCT_BUNDLE_IDENTIFIER = com.crjones.Project16.Extension;
				PRODUCT_NAME = "$(TARGET_NAME)";
				SKIP_INSTALL = YES;
			};
			name = Release;
		};
/* End XCBuildConfiguration section */

/* Begin XCConfigurationList section */
		D449116E1BBA549C00054562 /* Build configuration list for PBXProject "Project16" */ = {
			isa = XCConfigurationList;
			buildConfigurations = (
				D44911831BBA549D00054562 /* Debug */,
				D44911841BBA549D00054562 /* Release */,
			);
			defaultConfigurationIsVisible = 0;
			defaultConfigurationName = Release;
		};
		D44911851BBA549D00054562 /* Build configuration list for PBXNativeTarget "Project16" */ = {
			isa = XCConfigurationList;
			buildConfigurations = (
				D44911861BBA549D00054562 /* Debug */,
				D44911871BBA549D00054562 /* Release */,
			);
			defaultConfigurationIsVisible = 0;
		};
		D44911971BBA560D00054562 /* Build configuration list for PBXNativeTarget "Extension" */ = {
			isa = XCConfigurationList;
			buildConfigurations = (
				D44911981BBA560D00054562 /* Debug */,
				D44911991BBA560D00054562 /* Release */,
			);
			defaultConfigurationIsVisible = 0;
		};
/* End XCConfigurationList section */
	};
	rootObject = D449116B1BBA549C00054562 /* Project object */;
}
