// !$*UTF8*$!
{
	archiveVersion = 1;
	classes = {
	};
	objectVersion = 46;
	objects = {

/* Begin PBXBuildFile section */
		D450315C1BC5EE1E000164A6 /* AppDelegate.swift in Sources */ = {isa = PBXBuildFile; fileRef = D450315B1BC5EE1E000164A6 /* AppDelegate.swift */; };
		D450315E1BC5EE1E000164A6 /* ViewController.swift in Sources */ = {isa = PBXBuildFile; fileRef = D450315D1BC5EE1E000164A6 /* ViewController.swift */; };
		D45031611BC5EE1E000164A6 /* Main.storyboard in Resources */ = {isa = PBXBuildFile; fileRef = D450315F1BC5EE1E000164A6 /* Main.storyboard */; };
		D45031631BC5EE1E000164A6 /* Assets.xcassets in Resources */ = {isa = PBXBuildFile; fileRef = D45031621BC5EE1E000164A6 /* Assets.xcassets */; };
		D45031661BC5EE1E000164A6 /* LaunchScreen.storyboard in Resources */ = {isa = PBXBuildFile; fileRef = D45031641BC5EE1E000164A6 /* LaunchScreen.storyboard */; };
/* End PBXBuildFile section */

/* Begin PBXFileReference section */
		D45031581BC5EE1E000164A6 /* Project25.app */ = {isa = PBXFileReference; explicitFileType = wrapper.application; includeInIndex = 0; path = Project25.app; sourceTree = BUILT_PRODUCTS_DIR; };
		D450315B1BC5EE1E000164A6 /* AppDelegate.swift */ = {isa = PBXFileReference; lastKnownFileType = sourcecode.swift; path = AppDelegate.swift; sourceTree = "<group>"; };
		D450315D1BC5EE1E000164A6 /* ViewController.swift */ = {isa = PBXFileReference; lastKnownFileType = sourcecode.swift; path = ViewController.swift; sourceTree = "<group>"; };
		D45031601BC5EE1E000164A6 /* Base */ = {isa = PBXFileReference; lastKnownFileType = file.storyboard; name = Base; path = Base.lproj/Main.storyboard; sourceTree = "<group>"; };
		D45031621BC5EE1E000164A6 /* Assets.xcassets */ = {isa = PBXFileReference; lastKnownFileType = folder.assetcatalog; path = Assets.xcassets; sourceTree = "<group>"; };
		D45031651BC5EE1E000164A6 /* Base */ = {isa = PBXFileReference; lastKnownFileType = file.storyboard; name = Base; path = Base.lproj/LaunchScreen.storyboard; sourceTree = "<group>"; };
		D45031671BC5EE1E000164A6 /* Info.plist */ = {isa = PBXFileReference; lastKnownFileType = text.plist.xml; path = Info.plist; sourceTree = "<group>"; };
/* End PBXFileReference section */

/* Begin PBXFrameworksBuildPhase section */
		D45031551BC5EE1E000164A6 /* Frameworks */ = {
			isa = PBXFrameworksBuildPhase;
			buildActionMask = 2147483647;
			files = (
			);
			runOnlyForDeploymentPostprocessing = 0;
		};
/* End PBXFrameworksBuildPhase section */

/* Begin PBXGroup section */
		D450314F1BC5EE1E000164A6 = {
			isa = PBXGroup;
			children = (
				D450315A1BC5EE1E000164A6 /* Project25 */,
				D45031591BC5EE1E000164A6 /* Products */,
			);
			sourceTree = "<group>";
		};
		D45031591BC5EE1E000164A6 /* Products */ = {
			isa = PBXGroup;
			children = (
				D45031581BC5EE1E000164A6 /* Project25.app */,
			);
			name = Products;
			sourceTree = "<group>";
		};
		D450315A1BC5EE1E000164A6 /* Project25 */ = {
			isa = PBXGroup;
			children = (
				D450315B1BC5EE1E000164A6 /* AppDelegate.swift */,
				D450315D1BC5EE1E000164A6 /* ViewController.swift */,
				D450315F1BC5EE1E000164A6 /* Main.storyboard */,
				D45031621BC5EE1E000164A6 /* Assets.xcassets */,
				D45031641BC5EE1E000164A6 /* LaunchScreen.storyboard */,
				D45031671BC5EE1E000164A6 /* Info.plist */,
			);
			path = Project25;
			sourceTree = "<group>";
		};
/* End PBXGroup section */

/* Begin PBXNativeTarget section */
		D45031571BC5EE1E000164A6 /* Project25 */ = {
			isa = PBXNativeTarget;
			buildConfigurationList = D450316A1BC5EE1E000164A6 /* Build configuration list for PBXNativeTarget "Project25" */;
			buildPhases = (
				D45031541BC5EE1E000164A6 /* Sources */,
				D45031551BC5EE1E000164A6 /* Frameworks */,
				D45031561BC5EE1E000164A6 /* Resources */,
			);
			buildRules = (
			);
			dependencies = (
			);
			name = Project25;
			productName = Project25;
			productReference = D45031581BC5EE1E000164A6 /* Project25.app */;
			productType = "com.apple.product-type.application";
		};
/* End PBXNativeTarget section */

/* Begin PBXProject section */
		D45031501BC5EE1E000164A6 /* Project object */ = {
			isa = PBXProject;
			attributes = {
				LastUpgradeCheck = 0700;
				ORGANIZATIONNAME = "Charley Jones";
				TargetAttributes = {
					D45031571BC5EE1E000164A6 = {
						CreatedOnToolsVersion = 7.0;
					};
				};
			};
			buildConfigurationList = D45031531BC5EE1E000164A6 /* Build configuration list for PBXProject "Project25" */;
			compatibilityVersion = "Xcode 3.2";
			developmentRegion = English;
			hasScannedForEncodings = 0;
			knownRegions = (
				en,
				Base,
			);
			mainGroup = D450314F1BC5EE1E000164A6;
			productRefGroup = D45031591BC5EE1E000164A6 /* Products */;
			projectDirPath = "";
			projectRoot = "";
			targets = (
				D45031571BC5EE1E000164A6 /* Project25 */,
			);
		};
/* End PBXProject section */

/* Begin PBXResourcesBuildPhase section */
		D45031561BC5EE1E000164A6 /* Resources */ = {
			isa = PBXResourcesBuildPhase;
			buildActionMask = 2147483647;
			files = (
				D45031661BC5EE1E000164A6 /* LaunchScreen.storyboard in Resources */,
				D45031631BC5EE1E000164A6 /* Assets.xcassets in Resources */,
				D45031611BC5EE1E000164A6 /* Main.storyboard in Resources */,
			);
			runOnlyForDeploymentPostprocessing = 0;
		};
/* End PBXResourcesBuildPhase section */

/* Begin PBXSourcesBuildPhase section */
		D45031541BC5EE1E000164A6 /* Sources */ = {
			isa = PBXSourcesBuildPhase;
			buildActionMask = 2147483647;
			files = (
				D450315E1BC5EE1E000164A6 /* ViewController.swift in Sources */,
				D450315C1BC5EE1E000164A6 /* AppDelegate.swift in Sources */,
			);
			runOnlyForDeploymentPostprocessing = 0;
		};
/* End PBXSourcesBuildPhase section */

/* Begin PBXVariantGroup section */
		D450315F1BC5EE1E000164A6 /* Main.storyboard */ = {
			isa = PBXVariantGroup;
			children = (
				D45031601BC5EE1E000164A6 /* Base */,
			);
			name = Main.storyboard;
			sourceTree = "<group>";
		};
		D45031641BC5EE1E000164A6 /* LaunchScreen.storyboard */ = {
			isa = PBXVariantGroup;
			children = (
				D45031651BC5EE1E000164A6 /* Base */,
			);
			name = LaunchScreen.storyboard;
			sourceTree = "<group>";
		};
/* End PBXVariantGroup section */

/* Begin XCBuildConfiguration section */
		D45031681BC5EE1E000164A6 /* Debug */ = {
			isa = XCBuildConfiguration;
			buildSettings = {
				ALWAYS_SEARCH_USER_PATHS = NO;
				CLANG_CXX_LANGUAGE_STANDARD = "gnu++0x";
				CLANG_CXX_LIBRARY = "libc++";
				CLANG_ENABLE_MODULES = YES;
				CLANG_ENABLE_OBJC_ARC = YES;
				CLANG_WARN_BOOL_CONVERSION = YES;
				CLANG_WARN_CONSTANT_CONVERSION = YES;
				CLANG_WARN_DIRECT_OBJC_ISA_USAGE = YES_ERROR;
				CLANG_WARN_EMPTY_BODY = YES;
				CLANG_WARN_ENUM_CONVERSION = YES;
				CLANG_WARN_INT_CONVERSION = YES;
				CLANG_WARN_OBJC_ROOT_CLASS = YES_ERROR;
				CLANG_WARN_UNREACHABLE_CODE = YES;
				CLANG_WARN__DUPLICATE_METHOD_MATCH = YES;
				"CODE_SIGN_IDENTITY[sdk=iphoneos*]" = "iPhone Developer";
				COPY_PHASE_STRIP = NO;
				DEBUG_INFORMATION_FORMAT = dwarf;
				ENABLE_STRICT_OBJC_MSGSEND = YES;
				ENABLE_TESTABILITY = YES;
				GCC_C_LANGUAGE_STANDARD = gnu99;
				GCC_DYNAMIC_NO_PIC = NO;
				GCC_NO_COMMON_BLOCKS = YES;
				GCC_OPTIMIZATION_LEVEL = 0;
				GCC_PREPROCESSOR_DEFINITIONS = (
					"DEBUG=1",
					"$(inherited)",
				);
				GCC_WARN_64_TO_32_BIT_CONVERSION = YES;
				GCC_WARN_ABOUT_RETURN_TYPE = YES_ERROR;
				GCC_WARN_UNDECLARED_SELECTOR = YES;
				GCC_WARN_UNINITIALIZED_AUTOS = YES_AGGRESSIVE;
				GCC_WARN_UNUSED_FUNCTION = YES;
				GCC_WARN_UNUSED_VARIABLE = YES;
				IPHONEOS_DEPLOYMENT_TARGET = 9.0;
				MTL_ENABLE_DEBUG_INFO = YES;
				ONLY_ACTIVE_ARCH = YES;
				SDKROOT = iphoneos;
				SWIFT_OPTIMIZATION_LEVEL = "-Onone";
			};
			name = Debug;
		};
		D45031691BC5EE1E000164A6 /* Release */ = {
			isa = XCBuildConfiguration;
			buildSettings = {
				ALWAYS_SEARCH_USER_PATHS = NO;
				CLANG_CXX_LANGUAGE_STANDARD = "gnu++0x";
				CLANG_CXX_LIBRARY = "libc++";
				CLANG_ENABLE_MODULES = YES;
				CLANG_ENABLE_OBJC_ARC = YES;
				CLANG_WARN_BOOL_CONVERSION = YES;
				CLANG_WARN_CONSTANT_CONVERSION = YES;
				CLANG_WARN_DIRECT_OBJC_ISA_USAGE = YES_ERROR;
				CLANG_WARN_EMPTY_BODY = YES;
				CLANG_WARN_ENUM_CONVERSION = YES;
				CLANG_WARN_INT_CONVERSION = YES;
				CLANG_WARN_OBJC_ROOT_CLASS = YES_ERROR;
				CLANG_WARN_UNREACHABLE_CODE = YES;
				CLANG_WARN__DUPLICATE_METHOD_MATCH = YES;
				"CODE_SIGN_IDENTITY[sdk=iphoneos*]" = "iPhone Developer";
				COPY_PHASE_STRIP = NO;
				DEBUG_INFORMATION_FORMAT = "dwarf-with-dsym";
				ENABLE_NS_ASSERTIONS = NO;
				ENABLE_STRICT_OBJC_MSGSEND = YES;
				GCC_C_LANGUAGE_STANDARD = gnu99;
				GCC_NO_COMMON_BLOCKS = YES;
				GCC_WARN_64_TO_32_BIT_CONVERSION = YES;
				GCC_WARN_ABOUT_RETURN_TYPE = YES_ERROR;
				GCC_WARN_UNDECLARED_SELECTOR = YES;
				GCC_WARN_UNINITIALIZED_AUTOS = YES_AGGRESSIVE;
				GCC_WARN_UNUSED_FUNCTION = YES;
				GCC_WARN_UNUSED_VARIABLE = YES;
				IPHONEOS_DEPLOYMENT_TARGET = 9.0;
				MTL_ENABLE_DEBUG_INFO = NO;
				SDKROOT = iphoneos;
				VALIDATE_PRODUCT = YES;
			};
			name = Release;
		};
		D450316B1BC5EE1E000164A6 /* Debug */ = {
			isa = XCBuildConfiguration;
			buildSettings = {
				ASSETCATALOG_COMPILER_APPICON_NAME = AppIcon;
				INFOPLIST_FILE = Project25/Info.plist;
				IPHONEOS_DEPLOYMENT_TARGET = 8.4;
				LD_RUNPATH_SEARCH_PATHS = "$(inherited) @executable_path/Frameworks";
				PRODUCT_BUNDLE_IDENTIFIER = com.crjones.Project25;
				PRODUCT_NAME = "$(TARGET_NAME)";
				TARGETED_DEVICE_FAMILY = "1,2";
			};
			name = Debug;
		};
		D450316C1BC5EE1E000164A6 /* Release */ = {
			isa = XCBuildConfiguration;
			buildSettings = {
				ASSETCATALOG_COMPILER_APPICON_NAME = AppIcon;
				INFOPLIST_FILE = Project25/Info.plist;
				IPHONEOS_DEPLOYMENT_TARGET = 8.4;
				LD_RUNPATH_SEARCH_PATHS = "$(inherited) @executable_path/Frameworks";
				PRODUCT_BUNDLE_IDENTIFIER = com.crjones.Project25;
				PRODUCT_NAME = "$(TARGET_NAME)";
				TARGETED_DEVICE_FAMILY = "1,2";
			};
			name = Release;
		};
/* End XCBuildConfiguration section */

/* Begin XCConfigurationList section */
		D45031531BC5EE1E000164A6 /* Build configuration list for PBXProject "Project25" */ = {
			isa = XCConfigurationList;
			buildConfigurations = (
				D45031681BC5EE1E000164A6 /* Debug */,
				D45031691BC5EE1E000164A6 /* Release */,
			);
			defaultConfigurationIsVisible = 0;
			defaultConfigurationName = Release;
		};
		D450316A1BC5EE1E000164A6 /* Build configuration list for PBXNativeTarget "Project25" */ = {
			isa = XCConfigurationList;
			buildConfigurations = (
				D450316B1BC5EE1E000164A6 /* Debug */,
				D450316C1BC5EE1E000164A6 /* Release */,
			);
			defaultConfigurationIsVisible = 0;
			defaultConfigurationName = Release;
		};
/* End XCConfigurationList section */
	};
	rootObject = D45031501BC5EE1E000164A6 /* Project object */;
}
